
Microsoft Visual Studio Solution File, Format Version 12.00
# Visual Studio Version 17
VisualStudioVersion = 17.14.36414.22 d17.14
MinimumVisualStudioVersion = 10.0.40219.1
Project("{FAE04EC0-301F-11D3-BF4B-00C04F79EFBC}") = "Practice_Methods_1", "Practice_Methods_1.csproj", "{8AD7857B-B39D-4621-BFBA-E812AEB3F0FF}"
EndProject
Global
	GlobalSection(SolutionConfigurationPlatforms) = preSolution
		Debug|Any CPU = Debug|Any CPU
		Release|Any CPU = Release|Any CPU
	EndGlobalSection
	GlobalSection(ProjectConfigurationPlatforms) = postSolution
		{8AD7857B-B39D-4621-BFBA-E812AEB3F0FF}.Debug|Any CPU.ActiveCfg = Debug|Any CPU
		{8AD7857B-B39D-4621-BFBA-E812AEB3F0FF}.Debug|Any CPU.Build.0 = Debug|Any CPU
		{8AD7857B-B39D-4621-BFBA-E812AEB3F0FF}.Release|Any CPU.ActiveCfg = Release|Any CPU
		{8AD7857B-B39D-4621-BFBA-E812AEB3F0FF}.Release|Any CPU.Build.0 = Release|Any CPU
	EndGlobalSection
	GlobalSection(SolutionProperties) = preSolution
		HideSolutionNode = FALSE
	EndGlobalSection
	GlobalSection(ExtensibilityGlobals) = postSolution
		SolutionGuid = {30390D00-99EC-451E-A331-C82D48DA2F9B}
	EndGlobalSection
EndGlobal
