
Microsoft Visual Studio Solution File, Format Version 12.00
# Visual Studio Version 17
VisualStudioVersion = 17.14.36616.10 d17.14
MinimumVisualStudioVersion = 10.0.40219.1
Project("{FAE04EC0-301F-11D3-BF4B-00C04F79EFBC}") = "Practice8_Classes", "Practice8_Classes.csproj", "{57219557-7026-41AF-91D5-91D422270755}"
EndProject
Global
	GlobalSection(SolutionConfigurationPlatforms) = preSolution
		Debug|Any CPU = Debug|Any CPU
		Release|Any CPU = Release|Any CPU
	EndGlobalSection
	GlobalSection(ProjectConfigurationPlatforms) = postSolution
		{57219557-7026-41AF-91D5-91D422270755}.Debug|Any CPU.ActiveCfg = Debug|Any CPU
		{57219557-7026-41AF-91D5-91D422270755}.Debug|Any CPU.Build.0 = Debug|Any CPU
		{57219557-7026-41AF-91D5-91D422270755}.Release|Any CPU.ActiveCfg = Release|Any CPU
		{57219557-7026-41AF-91D5-91D422270755}.Release|Any CPU.Build.0 = Release|Any CPU
	EndGlobalSection
	GlobalSection(SolutionProperties) = preSolution
		HideSolutionNode = FALSE
	EndGlobalSection
	GlobalSection(ExtensibilityGlobals) = postSolution
		SolutionGuid = {E2A06D73-FB5F-4AAB-BD4E-D7ABB1FDADA3}
	EndGlobalSection
EndGlobal
